
Microsoft Visual Studio Solution File, Format Version 12.00
# Visual Studio Version 16
VisualStudioVersion = 16.0.31229.75
MinimumVisualStudioVersion = 10.0.40219.1
Project("{9A19103F-16F7-4668-BE54-9A1E7A4F7556}") = "poc-app-service", "poc-app-service.csproj", "{EC324212-DE34-4A07-B51E-8B8CC6B719CE}"
EndProject
Global
	GlobalSection(SolutionConfigurationPlatforms) = preSolution
		Debug|Any CPU = Debug|Any CPU
		Release|Any CPU = Release|Any CPU
	EndGlobalSection
	GlobalSection(ProjectConfigurationPlatforms) = postSolution
		{EC324212-DE34-4A07-B51E-8B8CC6B719CE}.Debug|Any CPU.ActiveCfg = Debug|Any CPU
		{EC324212-DE34-4A07-B51E-8B8CC6B719CE}.Debug|Any CPU.Build.0 = Debug|Any CPU
		{EC324212-DE34-4A07-B51E-8B8CC6B719CE}.Release|Any CPU.ActiveCfg = Release|Any CPU
		{EC324212-DE34-4A07-B51E-8B8CC6B719CE}.Release|Any CPU.Build.0 = Release|Any CPU
	EndGlobalSection
	GlobalSection(SolutionProperties) = preSolution
		HideSolutionNode = FALSE
	EndGlobalSection
	GlobalSection(ExtensibilityGlobals) = postSolution
		SolutionGuid = {EF924A9A-18EE-4B80-AC7B-2A82B0B6066C}
	EndGlobalSection
EndGlobal
